
Microsoft Visual Studio Solution File, Format Version 12.00
# Visual Studio Version 17
VisualStudioVersion = 17.14.36511.14 d17.14
MinimumVisualStudioVersion = 10.0.40219.1
Project("{FAE04EC0-301F-11D3-BF4B-00C04F79EFBC}") = "CRUD API", "CRUD API\CRUD API.csproj", "{7D52501C-5034-4DF5-91D0-F4F8DA40868E}"
EndProject
Global
	GlobalSection(SolutionConfigurationPlatforms) = preSolution
		Debug|Any CPU = Debug|Any CPU
		Release|Any CPU = Release|Any CPU
	EndGlobalSection
	GlobalSection(ProjectConfigurationPlatforms) = postSolution
		{7D52501C-5034-4DF5-91D0-F4F8DA40868E}.Debug|Any CPU.ActiveCfg = Debug|Any CPU
		{7D52501C-5034-4DF5-91D0-F4F8DA40868E}.Debug|Any CPU.Build.0 = Debug|Any CPU
		{7D52501C-5034-4DF5-91D0-F4F8DA40868E}.Release|Any CPU.ActiveCfg = Release|Any CPU
		{7D52501C-5034-4DF5-91D0-F4F8DA40868E}.Release|Any CPU.Build.0 = Release|Any CPU
	EndGlobalSection
	GlobalSection(SolutionProperties) = preSolution
		HideSolutionNode = FALSE
	EndGlobalSection
	GlobalSection(ExtensibilityGlobals) = postSolution
		SolutionGuid = {4BACC8D5-F09E-4F5E-B657-112AEF81E0D3}
	EndGlobalSection
EndGlobal
